
Microsoft Visual Studio Solution File, Format Version 12.00
# Visual Studio Version 17
VisualStudioVersion = 17.4.33213.308
MinimumVisualStudioVersion = 10.0.40219.1
Project("{9A19103F-16F7-4668-BE54-9A1E7A4F7556}") = "NicasourseAssesment", "NicasourseAssesment\NicasourseAssesment.csproj", "{2D3B36D6-EB69-480A-9844-225033DF5997}"
EndProject
Project("{FAE04EC0-301F-11D3-BF4B-00C04F79EFBC}") = "Domain", "Domain\Domain.csproj", "{C677E480-828B-4C61-9578-E1C65210B8FB}"
EndProject
Project("{FAE04EC0-301F-11D3-BF4B-00C04F79EFBC}") = "Application", "Application\Application.csproj", "{B6E3720F-7143-4D27-B311-91B579C23036}"
EndProject
Project("{FAE04EC0-301F-11D3-BF4B-00C04F79EFBC}") = "Infrastructure", "Infrastructure\Infrastructure.csproj", "{96439D0B-5EE1-45D7-B743-8B1053563522}"
EndProject
Global
	GlobalSection(SolutionConfigurationPlatforms) = preSolution
		Debug|Any CPU = Debug|Any CPU
		Release|Any CPU = Release|Any CPU
	EndGlobalSection
	GlobalSection(ProjectConfigurationPlatforms) = postSolution
		{2D3B36D6-EB69-480A-9844-225033DF5997}.Debug|Any CPU.ActiveCfg = Debug|Any CPU
		{2D3B36D6-EB69-480A-9844-225033DF5997}.Debug|Any CPU.Build.0 = Debug|Any CPU
		{2D3B36D6-EB69-480A-9844-225033DF5997}.Release|Any CPU.ActiveCfg = Release|Any CPU
		{2D3B36D6-EB69-480A-9844-225033DF5997}.Release|Any CPU.Build.0 = Release|Any CPU
		{C677E480-828B-4C61-9578-E1C65210B8FB}.Debug|Any CPU.ActiveCfg = Debug|Any CPU
		{C677E480-828B-4C61-9578-E1C65210B8FB}.Debug|Any CPU.Build.0 = Debug|Any CPU
		{C677E480-828B-4C61-9578-E1C65210B8FB}.Release|Any CPU.ActiveCfg = Release|Any CPU
		{C677E480-828B-4C61-9578-E1C65210B8FB}.Release|Any CPU.Build.0 = Release|Any CPU
		{B6E3720F-7143-4D27-B311-91B579C23036}.Debug|Any CPU.ActiveCfg = Debug|Any CPU
		{B6E3720F-7143-4D27-B311-91B579C23036}.Debug|Any CPU.Build.0 = Debug|Any CPU
		{B6E3720F-7143-4D27-B311-91B579C23036}.Release|Any CPU.ActiveCfg = Release|Any CPU
		{B6E3720F-7143-4D27-B311-91B579C23036}.Release|Any CPU.Build.0 = Release|Any CPU
		{96439D0B-5EE1-45D7-B743-8B1053563522}.Debug|Any CPU.ActiveCfg = Debug|Any CPU
		{96439D0B-5EE1-45D7-B743-8B1053563522}.Debug|Any CPU.Build.0 = Debug|Any CPU
		{96439D0B-5EE1-45D7-B743-8B1053563522}.Release|Any CPU.ActiveCfg = Release|Any CPU
		{96439D0B-5EE1-45D7-B743-8B1053563522}.Release|Any CPU.Build.0 = Release|Any CPU
	EndGlobalSection
	GlobalSection(SolutionProperties) = preSolution
		HideSolutionNode = FALSE
	EndGlobalSection
	GlobalSection(ExtensibilityGlobals) = postSolution
		SolutionGuid = {EB5ED060-B2E7-47AA-9EAE-788973B818FE}
	EndGlobalSection
EndGlobal
